PODS:
  - Bolts/Tasks (1.7.0)
  - DGActivityIndicatorView (2.0)
  - ImageSlideshow (0.4.0):
    - ImageSlideshow/Core (= 0.4.0)
  - ImageSlideshow/Core (0.4.0)
  - Parse (1.13.0):
    - Bolts/Tasks (~> 1.6)
  - QBImagePickerController (3.4.0)
  - RWDropdownMenu (1.0.3)

DEPENDENCIES:
  - DGActivityIndicatorView
  - ImageSlideshow (~> 0.3)
  - Parse
  - QBImagePickerController
  - RWDropdownMenu (~> 1.0.0)

SPEC CHECKSUMS:
  Bolts: a0058fa3b331c5a1e4402d534f2dae36dbff31e4
  DGActivityIndicatorView: 52875b025a6ccf6a431a905285c12e2bb95eb559
  ImageSlideshow: 0d3632bc0c2b4d3fff24a49ce4d3022af8238b03
  Parse: f51c24d2feb412e4b2d6cc73d37cb24e8d0089bc
  QBImagePickerController: d54cf93db6decf26baf6ed3472f336ef35cae022
  RWDropdownMenu: c7fda4b7adf4f3f63a46d96359c2f490a7713795

COCOAPODS: 0.39.0
